{"format_version":"1.2","terraform_version":"1.14.3","planned_values":{"outputs":{"tapash-bucket-1-arn":{"sensitive":false},"tapash-bucket-1-name":{"sensitive":false,"type":"string","value":"tapash-bucket-1-2026"},"tapash-bucket-1-object1-key":{"sensitive":false,"type":"string","value":"object1"},"tapash-bucket-1-object2-key":{"sensitive":false,"type":"string","value":"object2"},"tapash-bucket-1-object3-key":{"sensitive":false,"type":"string","value":"object3"},"tapash-bucket-1-region":{"sensitive":false,"type":"string","value":"ap-south-1"},"tapash-bucket-1-versioning":{"sensitive":false,"type":"string","value":"Enabled"},"tapash-bucket-2-arn":{"sensitive":false},"tapash-bucket-2-name":{"sensitive":false,"type":"string","value":"tapash-bucket-2-2026"},"tapash-bucket-2-object1-key":{"sensitive":false,"type":"string","value":"object1"},"tapash-bucket-2-object2-key":{"sensitive":false,"type":"string","value":"object2"},"tapash-bucket-2-region":{"sensitive":false,"type":"string","value":"ap-south-1"},"tapash-bucket-2-versioning":{"sensitive":false,"type":"string","value":"Enabled"}},"root_module":{"resources":[{"address":"aws_s3_bucket.tapash-bucket-1","mode":"managed","type":"aws_s3_bucket","name":"tapash-bucket-1","provider_name":"registry.terraform.io/hashicorp/aws","schema_version":0,"values":{"bucket":"tapash-bucket-1-2026","force_destroy":false,"region":"ap-south-1","tags":{"Environment":"Dev","Name":"tapash-bucket-1-2026"},"tags_all":{"Environment":"Dev","Name":"tapash-bucket-1-2026"},"timeouts":null},"sensitive_values":{"cors_rule":[],"grant":[],"lifecycle_rule":[],"logging":[],"object_lock_configuration":[],"replication_configuration":[],"server_side_encryption_configuration":[],"tags":{},"tags_all":{},"versioning":[],"website":[]},"identity_schema_version":0,"identity":{"account_id":null,"bucket":null,"region":null}},{"address":"aws_s3_bucket.tapash-bucket-2","mode":"managed","type":"aws_s3_bucket","name":"tapash-bucket-2","provider_name":"registry.terraform.io/hashicorp/aws","schema_version":0,"values":{"bucket":"tapash-bucket-2-2026","force_destroy":false,"region":"ap-south-1","tags":{"Environment":"Dev","Name":"tapash-bucket-2-2026"},"tags_all":{"Environment":"Dev","Name":"tapash-bucket-2-2026"},"timeouts":null},"sensitive_values":{"cors_rule":[],"grant":[],"lifecycle_rule":[],"logging":[],"object_lock_configuration":[],"replication_configuration":[],"server_side_encryption_configuration":[],"tags":{},"tags_all":{},"versioning":[],"website":[]},"identity_schema_version":0,"identity":{"account_id":null,"bucket":null,"region":null}},{"address":"aws_s3_bucket_public_access_block.tapash-bucket-1","mode":"managed","type":"aws_s3_bucket_public_access_block","name":"tapash-bucket-1","provider_name":"registry.terraform.io/hashicorp/aws","schema_version":0,"values":{"block_public_acls":true,"block_public_policy":true,"ignore_public_acls":true,"region":"ap-south-1","restrict_public_buckets":true,"skip_destroy":null},"sensitive_values":{}},{"address":"aws_s3_bucket_public_access_block.tapash-bucket-2","mode":"managed","type":"aws_s3_bucket_public_access_block","name":"tapash-bucket-2","provider_name":"registry.terraform.io/hashicorp/aws","schema_version":0,"values":{"block_public_acls":true,"block_public_policy":true,"ignore_public_acls":true,"region":"ap-south-1","restrict_public_buckets":true,"skip_destroy":null},"sensitive_values":{}},{"address":"aws_s3_bucket_versioning.tapash-bucket-1","mode":"managed","type":"aws_s3_bucket_versioning","name":"tapash-bucket-1","provider_name":"registry.terraform.io/hashicorp/aws","schema_version":0,"values":{"expected_bucket_owner":null,"mfa":null,"region":"ap-south-1","versioning_configuration":[{"status":"Enabled"}]},"sensitive_values":{"versioning_configuration":[{}]}},{"address":"aws_s3_bucket_versioning.tapash-bucket-2","mode":"managed","type":"aws_s3_bucket_versioning","name":"tapash-bucket-2","provider_name":"registry.terraform.io/hashicorp/aws","schema_version":0,"values":{"expected_bucket_owner":null,"mfa":null,"region":"ap-south-1","versioning_configuration":[{"status":"Enabled"}]},"sensitive_values":{"versioning_configuration":[{}]}},{"address":"aws_s3_object.tapash-bucket-1-object1","mode":"managed","type":"aws_s3_object","name":"tapash-bucket-1-object1","provider_name":"registry.terraform.io/hashicorp/aws","schema_version":0,"values":{"cache_control":null,"checksum_algorithm":null,"content":null,"content_base64":null,"content_disposition":null,"content_encoding":null,"content_language":null,"force_destroy":false,"key":"object1","metadata":null,"object_lock_legal_hold_status":null,"object_lock_mode":null,"object_lock_retain_until_date":null,"override_provider":[],"region":"ap-south-1","source":"earbuds.jpg","source_hash":null,"tags":null,"website_redirect":null},"sensitive_values":{"override_provider":[],"tags_all":{}},"identity_schema_version":0,"identity":{"account_id":null,"bucket":null,"key":null,"region":null}},{"address":"aws_s3_object.tapash-bucket-1-object2","mode":"managed","type":"aws_s3_object","name":"tapash-bucket-1-object2","provider_name":"registry.terraform.io/hashicorp/aws","schema_version":0,"values":{"cache_control":null,"checksum_algorithm":null,"content":null,"content_base64":null,"content_disposition":null,"content_encoding":null,"content_language":null,"force_destroy":false,"key":"object2","metadata":null,"object_lock_legal_hold_status":null,"object_lock_mode":null,"object_lock_retain_until_date":null,"override_provider":[],"region":"ap-south-1","source":"Levis jeans.jpg","source_hash":null,"tags":null,"website_redirect":null},"sensitive_values":{"override_provider":[],"tags_all":{}},"identity_schema_version":0,"identity":{"account_id":null,"bucket":null,"key":null,"region":null}},{"address":"aws_s3_object.tapash-bucket-1-object3","mode":"managed","type":"aws_s3_object","name":"tapash-bucket-1-object3","provider_name":"registry.terraform.io/hashicorp/aws","schema_version":0,"values":{"cache_control":null,"checksum_algorithm":null,"content":null,"content_base64":null,"content_disposition":null,"content_encoding":null,"content_language":null,"force_destroy":false,"key":"object3","metadata":null,"object_lock_legal_hold_status":null,"object_lock_mode":null,"object_lock_retain_until_date":null,"override_provider":[],"region":"ap-south-1","source":"phone.webp","source_hash":null,"tags":null,"website_redirect":null},"sensitive_values":{"override_provider":[],"tags_all":{}},"identity_schema_version":0,"identity":{"account_id":null,"bucket":null,"key":null,"region":null}},{"address":"aws_s3_object.tapash-bucket-2-object1","mode":"managed","type":"aws_s3_object","name":"tapash-bucket-2-object1","provider_name":"registry.terraform.io/hashicorp/aws","schema_version":0,"values":{"cache_control":null,"checksum_algorithm":null,"content":null,"content_base64":null,"content_disposition":null,"content_encoding":null,"content_language":null,"force_destroy":false,"key":"object1","metadata":null,"object_lock_legal_hold_status":null,"object_lock_mode":null,"object_lock_retain_until_date":null,"override_provider":[],"region":"ap-south-1","source":"earbuds.jpg","source_hash":null,"tags":null,"website_redirect":null},"sensitive_values":{"override_provider":[],"tags_all":{}},"identity_schema_version":0,"identity":{"account_id":null,"bucket":null,"key":null,"region":null}},{"address":"aws_s3_object.tapash-bucket-2-object2","mode":"managed","type":"aws_s3_object","name":"tapash-bucket-2-object2","provider_name":"registry.terraform.io/hashicorp/aws","schema_version":0,"values":{"cache_control":null,"checksum_algorithm":null,"content":null,"content_base64":null,"content_disposition":null,"content_encoding":null,"content_language":null,"force_destroy":false,"key":"object2","metadata":null,"object_lock_legal_hold_status":null,"object_lock_mode":null,"object_lock_retain_until_date":null,"override_provider":[],"region":"ap-south-1","source":"lancer shoes.jpg","source_hash":null,"tags":null,"website_redirect":null},"sensitive_values":{"override_provider":[],"tags_all":{}},"identity_schema_version":0,"identity":{"account_id":null,"bucket":null,"key":null,"region":null}}]}},"resource_changes":[{"address":"aws_s3_bucket.tapash-bucket-1","mode":"managed","type":"aws_s3_bucket","name":"tapash-bucket-1","provider_name":"registry.terraform.io/hashicorp/aws","change":{"actions":["create"],"before":null,"after":{"bucket":"tapash-bucket-1-2026","force_destroy":false,"region":"ap-south-1","tags":{"Environment":"Dev","Name":"tapash-bucket-1-2026"},"tags_all":{"Environment":"Dev","Name":"tapash-bucket-1-2026"},"timeouts":null},"after_unknown":{"acceleration_status":true,"acl":true,"arn":true,"bucket_domain_name":true,"bucket_prefix":true,"bucket_region":true,"bucket_regional_domain_name":true,"cors_rule":true,"grant":true,"hosted_zone_id":true,"id":true,"lifecycle_rule":true,"logging":true,"object_lock_configuration":true,"object_lock_enabled":true,"policy":true,"replication_configuration":true,"request_payer":true,"server_side_encryption_configuration":true,"tags":{},"tags_all":{},"versioning":true,"website":true,"website_domain":true,"website_endpoint":true},"before_sensitive":false,"after_sensitive":{"cors_rule":[],"grant":[],"lifecycle_rule":[],"logging":[],"object_lock_configuration":[],"replication_configuration":[],"server_side_encryption_configuration":[],"tags":{},"tags_all":{},"versioning":[],"website":[]},"after_identity":{"account_id":null,"bucket":null,"region":null}}},{"address":"aws_s3_bucket.tapash-bucket-2","mode":"managed","type":"aws_s3_bucket","name":"tapash-bucket-2","provider_name":"registry.terraform.io/hashicorp/aws","change":{"actions":["create"],"before":null,"after":{"bucket":"tapash-bucket-2-2026","force_destroy":false,"region":"ap-south-1","tags":{"Environment":"Dev","Name":"tapash-bucket-2-2026"},"tags_all":{"Environment":"Dev","Name":"tapash-bucket-2-2026"},"timeouts":null},"after_unknown":{"acceleration_status":true,"acl":true,"arn":true,"bucket_domain_name":true,"bucket_prefix":true,"bucket_region":true,"bucket_regional_domain_name":true,"cors_rule":true,"grant":true,"hosted_zone_id":true,"id":true,"lifecycle_rule":true,"logging":true,"object_lock_configuration":true,"object_lock_enabled":true,"policy":true,"replication_configuration":true,"request_payer":true,"server_side_encryption_configuration":true,"tags":{},"tags_all":{},"versioning":true,"website":true,"website_domain":true,"website_endpoint":true},"before_sensitive":false,"after_sensitive":{"cors_rule":[],"grant":[],"lifecycle_rule":[],"logging":[],"object_lock_configuration":[],"replication_configuration":[],"server_side_encryption_configuration":[],"tags":{},"tags_all":{},"versioning":[],"website":[]},"after_identity":{"account_id":null,"bucket":null,"region":null}}},{"address":"aws_s3_bucket_public_access_block.tapash-bucket-1","mode":"managed","type":"aws_s3_bucket_public_access_block","name":"tapash-bucket-1","provider_name":"registry.terraform.io/hashicorp/aws","change":{"actions":["create"],"before":null,"after":{"block_public_acls":true,"block_public_policy":true,"ignore_public_acls":true,"region":"ap-south-1","restrict_public_buckets":true,"skip_destroy":null},"after_unknown":{"bucket":true,"id":true},"before_sensitive":false,"after_sensitive":{}}},{"address":"aws_s3_bucket_public_access_block.tapash-bucket-2","mode":"managed","type":"aws_s3_bucket_public_access_block","name":"tapash-bucket-2","provider_name":"registry.terraform.io/hashicorp/aws","change":{"actions":["create"],"before":null,"after":{"block_public_acls":true,"block_public_policy":true,"ignore_public_acls":true,"region":"ap-south-1","restrict_public_buckets":true,"skip_destroy":null},"after_unknown":{"bucket":true,"id":true},"before_sensitive":false,"after_sensitive":{}}},{"address":"aws_s3_bucket_versioning.tapash-bucket-1","mode":"managed","type":"aws_s3_bucket_versioning","name":"tapash-bucket-1","provider_name":"registry.terraform.io/hashicorp/aws","change":{"actions":["create"],"before":null,"after":{"expected_bucket_owner":null,"mfa":null,"region":"ap-south-1","versioning_configuration":[{"status":"Enabled"}]},"after_unknown":{"bucket":true,"id":true,"versioning_configuration":[{"mfa_delete":true}]},"before_sensitive":false,"after_sensitive":{"versioning_configuration":[{}]}}},{"address":"aws_s3_bucket_versioning.tapash-bucket-2","mode":"managed","type":"aws_s3_bucket_versioning","name":"tapash-bucket-2","provider_name":"registry.terraform.io/hashicorp/aws","change":{"actions":["create"],"before":null,"after":{"expected_bucket_owner":null,"mfa":null,"region":"ap-south-1","versioning_configuration":[{"status":"Enabled"}]},"after_unknown":{"bucket":true,"id":true,"versioning_configuration":[{"mfa_delete":true}]},"before_sensitive":false,"after_sensitive":{"versioning_configuration":[{}]}}},{"address":"aws_s3_object.tapash-bucket-1-object1","mode":"managed","type":"aws_s3_object","name":"tapash-bucket-1-object1","provider_name":"registry.terraform.io/hashicorp/aws","change":{"actions":["create"],"before":null,"after":{"cache_control":null,"checksum_algorithm":null,"content":null,"content_base64":null,"content_disposition":null,"content_encoding":null,"content_language":null,"force_destroy":false,"key":"object1","metadata":null,"object_lock_legal_hold_status":null,"object_lock_mode":null,"object_lock_retain_until_date":null,"override_provider":[],"region":"ap-south-1","source":"earbuds.jpg","source_hash":null,"tags":null,"website_redirect":null},"after_unknown":{"acl":true,"arn":true,"bucket":true,"bucket_key_enabled":true,"checksum_crc32":true,"checksum_crc32c":true,"checksum_crc64nvme":true,"checksum_sha1":true,"checksum_sha256":true,"content_type":true,"etag":true,"id":true,"kms_key_id":true,"override_provider":[],"server_side_encryption":true,"storage_class":true,"tags_all":true,"version_id":true},"before_sensitive":false,"after_sensitive":{"override_provider":[],"tags_all":{}},"after_identity":{"account_id":null,"bucket":null,"key":null,"region":null}}},{"address":"aws_s3_object.tapash-bucket-1-object2","mode":"managed","type":"aws_s3_object","name":"tapash-bucket-1-object2","provider_name":"registry.terraform.io/hashicorp/aws","change":{"actions":["create"],"before":null,"after":{"cache_control":null,"checksum_algorithm":null,"content":null,"content_base64":null,"content_disposition":null,"content_encoding":null,"content_language":null,"force_destroy":false,"key":"object2","metadata":null,"object_lock_legal_hold_status":null,"object_lock_mode":null,"object_lock_retain_until_date":null,"override_provider":[],"region":"ap-south-1","source":"Levis jeans.jpg","source_hash":null,"tags":null,"website_redirect":null},"after_unknown":{"acl":true,"arn":true,"bucket":true,"bucket_key_enabled":true,"checksum_crc32":true,"checksum_crc32c":true,"checksum_crc64nvme":true,"checksum_sha1":true,"checksum_sha256":true,"content_type":true,"etag":true,"id":true,"kms_key_id":true,"override_provider":[],"server_side_encryption":true,"storage_class":true,"tags_all":true,"version_id":true},"before_sensitive":false,"after_sensitive":{"override_provider":[],"tags_all":{}},"after_identity":{"account_id":null,"bucket":null,"key":null,"region":null}}},{"address":"aws_s3_object.tapash-bucket-1-object3","mode":"managed","type":"aws_s3_object","name":"tapash-bucket-1-object3","provider_name":"registry.terraform.io/hashicorp/aws","change":{"actions":["create"],"before":null,"after":{"cache_control":null,"checksum_algorithm":null,"content":null,"content_base64":null,"content_disposition":null,"content_encoding":null,"content_language":null,"force_destroy":false,"key":"object3","metadata":null,"object_lock_legal_hold_status":null,"object_lock_mode":null,"object_lock_retain_until_date":null,"override_provider":[],"region":"ap-south-1","source":"phone.webp","source_hash":null,"tags":null,"website_redirect":null},"after_unknown":{"acl":true,"arn":true,"bucket":true,"bucket_key_enabled":true,"checksum_crc32":true,"checksum_crc32c":true,"checksum_crc64nvme":true,"checksum_sha1":true,"checksum_sha256":true,"content_type":true,"etag":true,"id":true,"kms_key_id":true,"override_provider":[],"server_side_encryption":true,"storage_class":true,"tags_all":true,"version_id":true},"before_sensitive":false,"after_sensitive":{"override_provider":[],"tags_all":{}},"after_identity":{"account_id":null,"bucket":null,"key":null,"region":null}}},{"address":"aws_s3_object.tapash-bucket-2-object1","mode":"managed","type":"aws_s3_object","name":"tapash-bucket-2-object1","provider_name":"registry.terraform.io/hashicorp/aws","change":{"actions":["create"],"before":null,"after":{"cache_control":null,"checksum_algorithm":null,"content":null,"content_base64":null,"content_disposition":null,"content_encoding":null,"content_language":null,"force_destroy":false,"key":"object1","metadata":null,"object_lock_legal_hold_status":null,"object_lock_mode":null,"object_lock_retain_until_date":null,"override_provider":[],"region":"ap-south-1","source":"earbuds.jpg","source_hash":null,"tags":null,"website_redirect":null},"after_unknown":{"acl":true,"arn":true,"bucket":true,"bucket_key_enabled":true,"checksum_crc32":true,"checksum_crc32c":true,"checksum_crc64nvme":true,"checksum_sha1":true,"checksum_sha256":true,"content_type":true,"etag":true,"id":true,"kms_key_id":true,"override_provider":[],"server_side_encryption":true,"storage_class":true,"tags_all":true,"version_id":true},"before_sensitive":false,"after_sensitive":{"override_provider":[],"tags_all":{}},"after_identity":{"account_id":null,"bucket":null,"key":null,"region":null}}},{"address":"aws_s3_object.tapash-bucket-2-object2","mode":"managed","type":"aws_s3_object","name":"tapash-bucket-2-object2","provider_name":"registry.terraform.io/hashicorp/aws","change":{"actions":["create"],"before":null,"after":{"cache_control":null,"checksum_algorithm":null,"content":null,"content_base64":null,"content_disposition":null,"content_encoding":null,"content_language":null,"force_destroy":false,"key":"object2","metadata":null,"object_lock_legal_hold_status":null,"object_lock_mode":null,"object_lock_retain_until_date":null,"override_provider":[],"region":"ap-south-1","source":"lancer shoes.jpg","source_hash":null,"tags":null,"website_redirect":null},"after_unknown":{"acl":true,"arn":true,"bucket":true,"bucket_key_enabled":true,"checksum_crc32":true,"checksum_crc32c":true,"checksum_crc64nvme":true,"checksum_sha1":true,"checksum_sha256":true,"content_type":true,"etag":true,"id":true,"kms_key_id":true,"override_provider":[],"server_side_encryption":true,"storage_class":true,"tags_all":true,"version_id":true},"before_sensitive":false,"after_sensitive":{"override_provider":[],"tags_all":{}},"after_identity":{"account_id":null,"bucket":null,"key":null,"region":null}}}],"output_changes":{"tapash-bucket-1-arn":{"actions":["create"],"before":null,"after_unknown":true,"before_sensitive":false,"after_sensitive":false},"tapash-bucket-1-name":{"actions":["create"],"before":null,"after":"tapash-bucket-1-2026","after_unknown":false,"before_sensitive":false,"after_sensitive":false},"tapash-bucket-1-object1-key":{"actions":["create"],"before":null,"after":"object1","after_unknown":false,"before_sensitive":false,"after_sensitive":false},"tapash-bucket-1-object2-key":{"actions":["create"],"before":null,"after":"object2","after_unknown":false,"before_sensitive":false,"after_sensitive":false},"tapash-bucket-1-object3-key":{"actions":["create"],"before":null,"after":"object3","after_unknown":false,"before_sensitive":false,"after_sensitive":false},"tapash-bucket-1-region":{"actions":["create"],"before":null,"after":"ap-south-1","after_unknown":false,"before_sensitive":false,"after_sensitive":false},"tapash-bucket-1-versioning":{"actions":["create"],"before":null,"after":"Enabled","after_unknown":false,"before_sensitive":false,"after_sensitive":false},"tapash-bucket-2-arn":{"actions":["create"],"before":null,"after_unknown":true,"before_sensitive":false,"after_sensitive":false},"tapash-bucket-2-name":{"actions":["create"],"before":null,"after":"tapash-bucket-2-2026","after_unknown":false,"before_sensitive":false,"after_sensitive":false},"tapash-bucket-2-object1-key":{"actions":["create"],"before":null,"after":"object1","after_unknown":false,"before_sensitive":false,"after_sensitive":false},"tapash-bucket-2-object2-key":{"actions":["create"],"before":null,"after":"object2","after_unknown":false,"before_sensitive":false,"after_sensitive":false},"tapash-bucket-2-region":{"actions":["create"],"before":null,"after":"ap-south-1","after_unknown":false,"before_sensitive":false,"after_sensitive":false},"tapash-bucket-2-versioning":{"actions":["create"],"before":null,"after":"Enabled","after_unknown":false,"before_sensitive":false,"after_sensitive":false}},"prior_state":{"format_version":"1.0","terraform_version":"1.14.3","values":{"outputs":{"tapash-bucket-1-name":{"sensitive":false,"value":"tapash-bucket-1-2026","type":"string"},"tapash-bucket-1-object1-key":{"sensitive":false,"value":"object1","type":"string"},"tapash-bucket-1-object2-key":{"sensitive":false,"value":"object2","type":"string"},"tapash-bucket-1-object3-key":{"sensitive":false,"value":"object3","type":"string"},"tapash-bucket-1-region":{"sensitive":false,"value":"ap-south-1","type":"string"},"tapash-bucket-1-versioning":{"sensitive":false,"value":"Enabled","type":"string"},"tapash-bucket-2-name":{"sensitive":false,"value":"tapash-bucket-2-2026","type":"string"},"tapash-bucket-2-object1-key":{"sensitive":false,"value":"object1","type":"string"},"tapash-bucket-2-object2-key":{"sensitive":false,"value":"object2","type":"string"},"tapash-bucket-2-region":{"sensitive":false,"value":"ap-south-1","type":"string"},"tapash-bucket-2-versioning":{"sensitive":false,"value":"Enabled","type":"string"}},"root_module":{}}},"configuration":{"provider_config":{"aws":{"name":"aws","full_name":"registry.terraform.io/hashicorp/aws","version_constraint":"6.5.0","expressions":{"region":{"constant_value":"ap-south-1"}}}},"root_module":{"outputs":{"tapash-bucket-1-arn":{"expression":{"references":["aws_s3_bucket.tapash-bucket-1.arn","aws_s3_bucket.tapash-bucket-1"]}},"tapash-bucket-1-name":{"expression":{"references":["aws_s3_bucket.tapash-bucket-1.bucket","aws_s3_bucket.tapash-bucket-1"]}},"tapash-bucket-1-object1-key":{"expression":{"references":["aws_s3_object.tapash-bucket-1-object1.key","aws_s3_object.tapash-bucket-1-object1"]}},"tapash-bucket-1-object2-key":{"expression":{"references":["aws_s3_object.tapash-bucket-1-object2.key","aws_s3_object.tapash-bucket-1-object2"]}},"tapash-bucket-1-object3-key":{"expression":{"references":["aws_s3_object.tapash-bucket-1-object3.key","aws_s3_object.tapash-bucket-1-object3"]}},"tapash-bucket-1-region":{"expression":{"references":["aws_s3_bucket.tapash-bucket-1.region","aws_s3_bucket.tapash-bucket-1"]}},"tapash-bucket-1-versioning":{"expression":{"references":["aws_s3_bucket_versioning.tapash-bucket-1.versioning_configuration[0].status","aws_s3_bucket_versioning.tapash-bucket-1.versioning_configuration[0]","aws_s3_bucket_versioning.tapash-bucket-1.versioning_configuration","aws_s3_bucket_versioning.tapash-bucket-1"]}},"tapash-bucket-2-arn":{"expression":{"references":["aws_s3_bucket.tapash-bucket-2.arn","aws_s3_bucket.tapash-bucket-2"]}},"tapash-bucket-2-name":{"expression":{"references":["aws_s3_bucket.tapash-bucket-2.bucket","aws_s3_bucket.tapash-bucket-2"]}},"tapash-bucket-2-object1-key":{"expression":{"references":["aws_s3_object.tapash-bucket-2-object1.key","aws_s3_object.tapash-bucket-2-object1"]}},"tapash-bucket-2-object2-key":{"expression":{"references":["aws_s3_object.tapash-bucket-2-object2.key","aws_s3_object.tapash-bucket-2-object2"]}},"tapash-bucket-2-region":{"expression":{"references":["aws_s3_bucket.tapash-bucket-2.region","aws_s3_bucket.tapash-bucket-2"]}},"tapash-bucket-2-versioning":{"expression":{"references":["aws_s3_bucket_versioning.tapash-bucket-2.versioning_configuration[0].status","aws_s3_bucket_versioning.tapash-bucket-2.versioning_configuration[0]","aws_s3_bucket_versioning.tapash-bucket-2.versioning_configuration","aws_s3_bucket_versioning.tapash-bucket-2"]}}},"resources":[{"address":"aws_s3_bucket.tapash-bucket-1","mode":"managed","type":"aws_s3_bucket","name":"tapash-bucket-1","provider_config_key":"aws","expressions":{"bucket":{"constant_value":"tapash-bucket-1-2026"},"tags":{"constant_value":{"Environment":"Dev","Name":"tapash-bucket-1-2026"}}},"schema_version":0},{"address":"aws_s3_bucket.tapash-bucket-2","mode":"managed","type":"aws_s3_bucket","name":"tapash-bucket-2","provider_config_key":"aws","expressions":{"bucket":{"constant_value":"tapash-bucket-2-2026"},"tags":{"constant_value":{"Environment":"Dev","Name":"tapash-bucket-2-2026"}}},"schema_version":0},{"address":"aws_s3_bucket_public_access_block.tapash-bucket-1","mode":"managed","type":"aws_s3_bucket_public_access_block","name":"tapash-bucket-1","provider_config_key":"aws","expressions":{"block_public_acls":{"constant_value":true},"block_public_policy":{"constant_value":true},"bucket":{"references":["aws_s3_bucket.tapash-bucket-1.id","aws_s3_bucket.tapash-bucket-1"]},"ignore_public_acls":{"constant_value":true},"restrict_public_buckets":{"constant_value":true}},"schema_version":0},{"address":"aws_s3_bucket_public_access_block.tapash-bucket-2","mode":"managed","type":"aws_s3_bucket_public_access_block","name":"tapash-bucket-2","provider_config_key":"aws","expressions":{"block_public_acls":{"constant_value":true},"block_public_policy":{"constant_value":true},"bucket":{"references":["aws_s3_bucket.tapash-bucket-2.id","aws_s3_bucket.tapash-bucket-2"]},"ignore_public_acls":{"constant_value":true},"restrict_public_buckets":{"constant_value":true}},"schema_version":0},{"address":"aws_s3_bucket_versioning.tapash-bucket-1","mode":"managed","type":"aws_s3_bucket_versioning","name":"tapash-bucket-1","provider_config_key":"aws","expressions":{"bucket":{"references":["aws_s3_bucket.tapash-bucket-1.id","aws_s3_bucket.tapash-bucket-1"]},"versioning_configuration":[{"status":{"constant_value":"Enabled"}}]},"schema_version":0},{"address":"aws_s3_bucket_versioning.tapash-bucket-2","mode":"managed","type":"aws_s3_bucket_versioning","name":"tapash-bucket-2","provider_config_key":"aws","expressions":{"bucket":{"references":["aws_s3_bucket.tapash-bucket-2.id","aws_s3_bucket.tapash-bucket-2"]},"versioning_configuration":[{"status":{"constant_value":"Enabled"}}]},"schema_version":0},{"address":"aws_s3_object.tapash-bucket-1-object1","mode":"managed","type":"aws_s3_object","name":"tapash-bucket-1-object1","provider_config_key":"aws","expressions":{"bucket":{"references":["aws_s3_bucket.tapash-bucket-1.id","aws_s3_bucket.tapash-bucket-1"]},"key":{"constant_value":"object1"},"source":{"constant_value":"earbuds.jpg"}},"schema_version":0},{"address":"aws_s3_object.tapash-bucket-1-object2","mode":"managed","type":"aws_s3_object","name":"tapash-bucket-1-object2","provider_config_key":"aws","expressions":{"bucket":{"references":["aws_s3_bucket.tapash-bucket-1.id","aws_s3_bucket.tapash-bucket-1"]},"key":{"constant_value":"object2"},"source":{"constant_value":"Levis jeans.jpg"}},"schema_version":0},{"address":"aws_s3_object.tapash-bucket-1-object3","mode":"managed","type":"aws_s3_object","name":"tapash-bucket-1-object3","provider_config_key":"aws","expressions":{"bucket":{"references":["aws_s3_bucket.tapash-bucket-1.id","aws_s3_bucket.tapash-bucket-1"]},"key":{"constant_value":"object3"},"source":{"constant_value":"phone.webp"}},"schema_version":0},{"address":"aws_s3_object.tapash-bucket-2-object1","mode":"managed","type":"aws_s3_object","name":"tapash-bucket-2-object1","provider_config_key":"aws","expressions":{"bucket":{"references":["aws_s3_bucket.tapash-bucket-2.id","aws_s3_bucket.tapash-bucket-2"]},"key":{"constant_value":"object1"},"source":{"constant_value":"earbuds.jpg"}},"schema_version":0},{"address":"aws_s3_object.tapash-bucket-2-object2","mode":"managed","type":"aws_s3_object","name":"tapash-bucket-2-object2","provider_config_key":"aws","expressions":{"bucket":{"references":["aws_s3_bucket.tapash-bucket-2.id","aws_s3_bucket.tapash-bucket-2"]},"key":{"constant_value":"object2"},"source":{"constant_value":"lancer shoes.jpg"}},"schema_version":0}]}},"relevant_attributes":[{"resource":"aws_s3_bucket.tapash-bucket-1","attribute":["arn"]},{"resource":"aws_s3_bucket.tapash-bucket-2","attribute":["region"]},{"resource":"aws_s3_bucket.tapash-bucket-1","attribute":["bucket"]},{"resource":"aws_s3_bucket.tapash-bucket-1","attribute":["id"]},{"resource":"aws_s3_bucket.tapash-bucket-1","attribute":["region"]},{"resource":"aws_s3_bucket.tapash-bucket-2","attribute":["bucket"]},{"resource":"aws_s3_bucket.tapash-bucket-2","attribute":["id"]},{"resource":"aws_s3_bucket_versioning.tapash-bucket-1","attribute":["versioning_configuration",0,"status"]},{"resource":"aws_s3_object.tapash-bucket-1-object3","attribute":["key"]},{"resource":"aws_s3_object.tapash-bucket-2-object1","attribute":["key"]},{"resource":"aws_s3_bucket.tapash-bucket-2","attribute":["arn"]},{"resource":"aws_s3_object.tapash-bucket-2-object2","attribute":["key"]},{"resource":"aws_s3_bucket_versioning.tapash-bucket-2","attribute":["versioning_configuration",0,"status"]},{"resource":"aws_s3_object.tapash-bucket-1-object1","attribute":["key"]},{"resource":"aws_s3_object.tapash-bucket-1-object2","attribute":["key"]}],"timestamp":"2026-02-08T04:51:28Z","applyable":true,"complete":true,"errored":false}
