{"format_version":"1.2","terraform_version":"1.14.3","variables":{"tapash_igw_name":{"value":"tapash-igw"},"tapash_private_route_table_1_name":{"value":"tapash-private-route-table-1"},"tapash_private_subnet_1_cidr":{"value":"10.0.3.0/24"},"tapash_private_subnet_1_name":{"value":"tapash-private-subnet-1"},"tapash_private_subnet_2_cidr":{"value":"10.0.4.0/24"},"tapash_private_subnet_2_name":{"value":"tapash-private-subnet-2"},"tapash_private_subnet_region_1":{"value":"ap-south-1a"},"tapash_private_subnet_region_2":{"value":"ap-south-1b"},"tapash_public_route_cidr":{"value":"10.0.0.0/8"},"tapash_public_route_table_2_name":{"value":"tapash-public-route-table-2"},"tapash_public_route_table_name":{"value":"tapash-public-route-table"},"tapash_public_subnet_1_cidr":{"value":"10.0.1.0/24"},"tapash_public_subnet_1_name":{"value":"tapash-public-subnet-1"},"tapash_public_subnet_2_cidr":{"value":"10.0.2.0/24"},"tapash_public_subnet_2_name":{"value":"tapash-public-subnet-2"},"tapash_public_subnet_region_1":{"value":"ap-south-1a"},"tapash_public_subnet_region_2":{"value":"ap-south-1b"},"tapash_region":{"value":"ap-south-1"},"tapash_vpc_cidr":{"value":"10.0.0.0/16"},"tapash_vpc_name":{"value":"tapash-vpc-1234567890"}},"planned_values":{"outputs":{"tapash_igw_name":{"sensitive":false,"type":"string","value":"tapash-igw"},"tapash_private_route_table_1_name":{"sensitive":false,"type":"string","value":"tapash-private-route-table-1"},"tapash_private_subnet_1_name":{"sensitive":false,"type":"string","value":"tapash-private-subnet-1"},"tapash_public_route_table_2_name":{"sensitive":false,"type":"string","value":"tapash-public-route-table-2"},"tapash_public_route_table_name":{"sensitive":false,"type":"string","value":"tapash-public-route-table"},"tapash_public_subnet_1_name":{"sensitive":false,"type":"string","value":"tapash-public-subnet-1"},"tapash_public_subnet_2_name":{"sensitive":false,"type":"string","value":"tapash-public-subnet-2"},"tapash_vpc_name":{"sensitive":false,"type":"string","value":"tapash-vpc-1234567890"}},"root_module":{"resources":[{"address":"aws_internet_gateway.tapash-igw","mode":"managed","type":"aws_internet_gateway","name":"tapash-igw","provider_name":"registry.terraform.io/hashicorp/aws","schema_version":0,"values":{"region":"ap-south-1","tags":{"Name":"tapash-igw"},"tags_all":{"Name":"tapash-igw"},"timeouts":null},"sensitive_values":{"tags":{},"tags_all":{}}},{"address":"aws_route_table.tapash-private-route-table-1","mode":"managed","type":"aws_route_table","name":"tapash-private-route-table-1","provider_name":"registry.terraform.io/hashicorp/aws","schema_version":0,"values":{"region":"ap-south-1","tags":{"Name":"tapash-private-route-table-1"},"tags_all":{"Name":"tapash-private-route-table-1"},"timeouts":null},"sensitive_values":{"propagating_vgws":[],"route":[],"tags":{},"tags_all":{}}},{"address":"aws_route_table.tapash-public-route-table","mode":"managed","type":"aws_route_table","name":"tapash-public-route-table","provider_name":"registry.terraform.io/hashicorp/aws","schema_version":0,"values":{"region":"ap-south-1","route":[{"carrier_gateway_id":"","cidr_block":"10.0.0.0/8","core_network_arn":"","destination_prefix_list_id":"","egress_only_gateway_id":"","ipv6_cidr_block":"","local_gateway_id":"","nat_gateway_id":"","network_interface_id":"","transit_gateway_id":"","vpc_endpoint_id":"","vpc_peering_connection_id":""}],"tags":{"Name":"tapash-public-route-table"},"tags_all":{"Name":"tapash-public-route-table"},"timeouts":null},"sensitive_values":{"propagating_vgws":[],"route":[{}],"tags":{},"tags_all":{}}},{"address":"aws_route_table.tapash-public-route-table-2","mode":"managed","type":"aws_route_table","name":"tapash-public-route-table-2","provider_name":"registry.terraform.io/hashicorp/aws","schema_version":0,"values":{"region":"ap-south-1","route":[{"carrier_gateway_id":"","cidr_block":"10.0.0.0/8","core_network_arn":"","destination_prefix_list_id":"","egress_only_gateway_id":"","ipv6_cidr_block":"","local_gateway_id":"","nat_gateway_id":"","network_interface_id":"","transit_gateway_id":"","vpc_endpoint_id":"","vpc_peering_connection_id":""}],"tags":{"Name":"tapash-public-route-table-2"},"tags_all":{"Name":"tapash-public-route-table-2"},"timeouts":null},"sensitive_values":{"propagating_vgws":[],"route":[{}],"tags":{},"tags_all":{}}},{"address":"aws_route_table_association.tapash-private-subnet-1-association","mode":"managed","type":"aws_route_table_association","name":"tapash-private-subnet-1-association","provider_name":"registry.terraform.io/hashicorp/aws","schema_version":0,"values":{"gateway_id":null,"region":"ap-south-1","timeouts":null},"sensitive_values":{}},{"address":"aws_route_table_association.tapash-public-subnet-2-association","mode":"managed","type":"aws_route_table_association","name":"tapash-public-subnet-2-association","provider_name":"registry.terraform.io/hashicorp/aws","schema_version":0,"values":{"gateway_id":null,"region":"ap-south-1","timeouts":null},"sensitive_values":{}},{"address":"aws_route_table_association.tapash-public-subnet-association","mode":"managed","type":"aws_route_table_association","name":"tapash-public-subnet-association","provider_name":"registry.terraform.io/hashicorp/aws","schema_version":0,"values":{"gateway_id":null,"region":"ap-south-1","timeouts":null},"sensitive_values":{}},{"address":"aws_subnet.tapash-private-subnet-1","mode":"managed","type":"aws_subnet","name":"tapash-private-subnet-1","provider_name":"registry.terraform.io/hashicorp/aws","schema_version":1,"values":{"assign_ipv6_address_on_creation":false,"availability_zone":"ap-south-1a","cidr_block":"10.0.3.0/24","customer_owned_ipv4_pool":null,"enable_dns64":false,"enable_lni_at_device_index":null,"enable_resource_name_dns_a_record_on_launch":false,"enable_resource_name_dns_aaaa_record_on_launch":false,"ipv6_cidr_block":null,"ipv6_native":false,"map_customer_owned_ip_on_launch":null,"map_public_ip_on_launch":false,"outpost_arn":null,"region":"ap-south-1","tags":{"Name":"tapash-private-subnet-1"},"tags_all":{"Name":"tapash-private-subnet-1"},"timeouts":null},"sensitive_values":{"tags":{},"tags_all":{}}},{"address":"aws_subnet.tapash-public-subnet-1","mode":"managed","type":"aws_subnet","name":"tapash-public-subnet-1","provider_name":"registry.terraform.io/hashicorp/aws","schema_version":1,"values":{"assign_ipv6_address_on_creation":false,"availability_zone":"ap-south-1a","cidr_block":"10.0.1.0/24","customer_owned_ipv4_pool":null,"enable_dns64":false,"enable_lni_at_device_index":null,"enable_resource_name_dns_a_record_on_launch":false,"enable_resource_name_dns_aaaa_record_on_launch":false,"ipv6_cidr_block":null,"ipv6_native":false,"map_customer_owned_ip_on_launch":null,"map_public_ip_on_launch":false,"outpost_arn":null,"region":"ap-south-1","tags":{"Name":"tapash-public-subnet-1"},"tags_all":{"Name":"tapash-public-subnet-1"},"timeouts":null},"sensitive_values":{"tags":{},"tags_all":{}}},{"address":"aws_subnet.tapash-public-subnet-2","mode":"managed","type":"aws_subnet","name":"tapash-public-subnet-2","provider_name":"registry.terraform.io/hashicorp/aws","schema_version":1,"values":{"assign_ipv6_address_on_creation":false,"availability_zone":"ap-south-1b","cidr_block":"10.0.2.0/24","customer_owned_ipv4_pool":null,"enable_dns64":false,"enable_lni_at_device_index":null,"enable_resource_name_dns_a_record_on_launch":false,"enable_resource_name_dns_aaaa_record_on_launch":false,"ipv6_cidr_block":null,"ipv6_native":false,"map_customer_owned_ip_on_launch":null,"map_public_ip_on_launch":false,"outpost_arn":null,"region":"ap-south-1","tags":{"Name":"tapash-public-subnet-2"},"tags_all":{"Name":"tapash-public-subnet-2"},"timeouts":null},"sensitive_values":{"tags":{},"tags_all":{}}},{"address":"aws_vpc.tapash-vpc","mode":"managed","type":"aws_vpc","name":"tapash-vpc","provider_name":"registry.terraform.io/hashicorp/aws","schema_version":1,"values":{"assign_generated_ipv6_cidr_block":null,"cidr_block":"10.0.0.0/16","enable_dns_support":true,"instance_tenancy":"default","ipv4_ipam_pool_id":null,"ipv4_netmask_length":null,"ipv6_ipam_pool_id":null,"ipv6_netmask_length":null,"region":"ap-south-1","tags":{"Name":"tapash-vpc-1234567890"},"tags_all":{"Name":"tapash-vpc-1234567890"}},"sensitive_values":{"tags":{},"tags_all":{}}}]}},"resource_changes":[{"address":"aws_internet_gateway.tapash-igw","mode":"managed","type":"aws_internet_gateway","name":"tapash-igw","provider_name":"registry.terraform.io/hashicorp/aws","change":{"actions":["create"],"before":null,"after":{"region":"ap-south-1","tags":{"Name":"tapash-igw"},"tags_all":{"Name":"tapash-igw"},"timeouts":null},"after_unknown":{"arn":true,"id":true,"owner_id":true,"tags":{},"tags_all":{},"vpc_id":true},"before_sensitive":false,"after_sensitive":{"tags":{},"tags_all":{}}}},{"address":"aws_route_table.tapash-private-route-table-1","mode":"managed","type":"aws_route_table","name":"tapash-private-route-table-1","provider_name":"registry.terraform.io/hashicorp/aws","change":{"actions":["create"],"before":null,"after":{"region":"ap-south-1","tags":{"Name":"tapash-private-route-table-1"},"tags_all":{"Name":"tapash-private-route-table-1"},"timeouts":null},"after_unknown":{"arn":true,"id":true,"owner_id":true,"propagating_vgws":true,"route":true,"tags":{},"tags_all":{},"vpc_id":true},"before_sensitive":false,"after_sensitive":{"propagating_vgws":[],"route":[],"tags":{},"tags_all":{}}}},{"address":"aws_route_table.tapash-public-route-table","mode":"managed","type":"aws_route_table","name":"tapash-public-route-table","provider_name":"registry.terraform.io/hashicorp/aws","change":{"actions":["create"],"before":null,"after":{"region":"ap-south-1","route":[{"carrier_gateway_id":"","cidr_block":"10.0.0.0/8","core_network_arn":"","destination_prefix_list_id":"","egress_only_gateway_id":"","ipv6_cidr_block":"","local_gateway_id":"","nat_gateway_id":"","network_interface_id":"","transit_gateway_id":"","vpc_endpoint_id":"","vpc_peering_connection_id":""}],"tags":{"Name":"tapash-public-route-table"},"tags_all":{"Name":"tapash-public-route-table"},"timeouts":null},"after_unknown":{"arn":true,"id":true,"owner_id":true,"propagating_vgws":true,"route":[{"gateway_id":true}],"tags":{},"tags_all":{},"vpc_id":true},"before_sensitive":false,"after_sensitive":{"propagating_vgws":[],"route":[{}],"tags":{},"tags_all":{}}}},{"address":"aws_route_table.tapash-public-route-table-2","mode":"managed","type":"aws_route_table","name":"tapash-public-route-table-2","provider_name":"registry.terraform.io/hashicorp/aws","change":{"actions":["create"],"before":null,"after":{"region":"ap-south-1","route":[{"carrier_gateway_id":"","cidr_block":"10.0.0.0/8","core_network_arn":"","destination_prefix_list_id":"","egress_only_gateway_id":"","ipv6_cidr_block":"","local_gateway_id":"","nat_gateway_id":"","network_interface_id":"","transit_gateway_id":"","vpc_endpoint_id":"","vpc_peering_connection_id":""}],"tags":{"Name":"tapash-public-route-table-2"},"tags_all":{"Name":"tapash-public-route-table-2"},"timeouts":null},"after_unknown":{"arn":true,"id":true,"owner_id":true,"propagating_vgws":true,"route":[{"gateway_id":true}],"tags":{},"tags_all":{},"vpc_id":true},"before_sensitive":false,"after_sensitive":{"propagating_vgws":[],"route":[{}],"tags":{},"tags_all":{}}}},{"address":"aws_route_table_association.tapash-private-subnet-1-association","mode":"managed","type":"aws_route_table_association","name":"tapash-private-subnet-1-association","provider_name":"registry.terraform.io/hashicorp/aws","change":{"actions":["create"],"before":null,"after":{"gateway_id":null,"region":"ap-south-1","timeouts":null},"after_unknown":{"id":true,"route_table_id":true,"subnet_id":true},"before_sensitive":false,"after_sensitive":{}}},{"address":"aws_route_table_association.tapash-public-subnet-2-association","mode":"managed","type":"aws_route_table_association","name":"tapash-public-subnet-2-association","provider_name":"registry.terraform.io/hashicorp/aws","change":{"actions":["create"],"before":null,"after":{"gateway_id":null,"region":"ap-south-1","timeouts":null},"after_unknown":{"id":true,"route_table_id":true,"subnet_id":true},"before_sensitive":false,"after_sensitive":{}}},{"address":"aws_route_table_association.tapash-public-subnet-association","mode":"managed","type":"aws_route_table_association","name":"tapash-public-subnet-association","provider_name":"registry.terraform.io/hashicorp/aws","change":{"actions":["create"],"before":null,"after":{"gateway_id":null,"region":"ap-south-1","timeouts":null},"after_unknown":{"id":true,"route_table_id":true,"subnet_id":true},"before_sensitive":false,"after_sensitive":{}}},{"address":"aws_subnet.tapash-private-subnet-1","mode":"managed","type":"aws_subnet","name":"tapash-private-subnet-1","provider_name":"registry.terraform.io/hashicorp/aws","change":{"actions":["create"],"before":null,"after":{"assign_ipv6_address_on_creation":false,"availability_zone":"ap-south-1a","cidr_block":"10.0.3.0/24","customer_owned_ipv4_pool":null,"enable_dns64":false,"enable_lni_at_device_index":null,"enable_resource_name_dns_a_record_on_launch":false,"enable_resource_name_dns_aaaa_record_on_launch":false,"ipv6_cidr_block":null,"ipv6_native":false,"map_customer_owned_ip_on_launch":null,"map_public_ip_on_launch":false,"outpost_arn":null,"region":"ap-south-1","tags":{"Name":"tapash-private-subnet-1"},"tags_all":{"Name":"tapash-private-subnet-1"},"timeouts":null},"after_unknown":{"arn":true,"availability_zone_id":true,"id":true,"ipv6_cidr_block_association_id":true,"owner_id":true,"private_dns_hostname_type_on_launch":true,"tags":{},"tags_all":{},"vpc_id":true},"before_sensitive":false,"after_sensitive":{"tags":{},"tags_all":{}}}},{"address":"aws_subnet.tapash-public-subnet-1","mode":"managed","type":"aws_subnet","name":"tapash-public-subnet-1","provider_name":"registry.terraform.io/hashicorp/aws","change":{"actions":["create"],"before":null,"after":{"assign_ipv6_address_on_creation":false,"availability_zone":"ap-south-1a","cidr_block":"10.0.1.0/24","customer_owned_ipv4_pool":null,"enable_dns64":false,"enable_lni_at_device_index":null,"enable_resource_name_dns_a_record_on_launch":false,"enable_resource_name_dns_aaaa_record_on_launch":false,"ipv6_cidr_block":null,"ipv6_native":false,"map_customer_owned_ip_on_launch":null,"map_public_ip_on_launch":false,"outpost_arn":null,"region":"ap-south-1","tags":{"Name":"tapash-public-subnet-1"},"tags_all":{"Name":"tapash-public-subnet-1"},"timeouts":null},"after_unknown":{"arn":true,"availability_zone_id":true,"id":true,"ipv6_cidr_block_association_id":true,"owner_id":true,"private_dns_hostname_type_on_launch":true,"tags":{},"tags_all":{},"vpc_id":true},"before_sensitive":false,"after_sensitive":{"tags":{},"tags_all":{}}}},{"address":"aws_subnet.tapash-public-subnet-2","mode":"managed","type":"aws_subnet","name":"tapash-public-subnet-2","provider_name":"registry.terraform.io/hashicorp/aws","change":{"actions":["create"],"before":null,"after":{"assign_ipv6_address_on_creation":false,"availability_zone":"ap-south-1b","cidr_block":"10.0.2.0/24","customer_owned_ipv4_pool":null,"enable_dns64":false,"enable_lni_at_device_index":null,"enable_resource_name_dns_a_record_on_launch":false,"enable_resource_name_dns_aaaa_record_on_launch":false,"ipv6_cidr_block":null,"ipv6_native":false,"map_customer_owned_ip_on_launch":null,"map_public_ip_on_launch":false,"outpost_arn":null,"region":"ap-south-1","tags":{"Name":"tapash-public-subnet-2"},"tags_all":{"Name":"tapash-public-subnet-2"},"timeouts":null},"after_unknown":{"arn":true,"availability_zone_id":true,"id":true,"ipv6_cidr_block_association_id":true,"owner_id":true,"private_dns_hostname_type_on_launch":true,"tags":{},"tags_all":{},"vpc_id":true},"before_sensitive":false,"after_sensitive":{"tags":{},"tags_all":{}}}},{"address":"aws_vpc.tapash-vpc","mode":"managed","type":"aws_vpc","name":"tapash-vpc","provider_name":"registry.terraform.io/hashicorp/aws","change":{"actions":["create"],"before":null,"after":{"assign_generated_ipv6_cidr_block":null,"cidr_block":"10.0.0.0/16","enable_dns_support":true,"instance_tenancy":"default","ipv4_ipam_pool_id":null,"ipv4_netmask_length":null,"ipv6_ipam_pool_id":null,"ipv6_netmask_length":null,"region":"ap-south-1","tags":{"Name":"tapash-vpc-1234567890"},"tags_all":{"Name":"tapash-vpc-1234567890"}},"after_unknown":{"arn":true,"default_network_acl_id":true,"default_route_table_id":true,"default_security_group_id":true,"dhcp_options_id":true,"enable_dns_hostnames":true,"enable_network_address_usage_metrics":true,"id":true,"ipv6_association_id":true,"ipv6_cidr_block":true,"ipv6_cidr_block_network_border_group":true,"main_route_table_id":true,"owner_id":true,"tags":{},"tags_all":{}},"before_sensitive":false,"after_sensitive":{"tags":{},"tags_all":{}}}}],"output_changes":{"tapash_igw_name":{"actions":["create"],"before":null,"after":"tapash-igw","after_unknown":false,"before_sensitive":false,"after_sensitive":false},"tapash_private_route_table_1_name":{"actions":["create"],"before":null,"after":"tapash-private-route-table-1","after_unknown":false,"before_sensitive":false,"after_sensitive":false},"tapash_private_subnet_1_name":{"actions":["create"],"before":null,"after":"tapash-private-subnet-1","after_unknown":false,"before_sensitive":false,"after_sensitive":false},"tapash_public_route_table_2_name":{"actions":["create"],"before":null,"after":"tapash-public-route-table-2","after_unknown":false,"before_sensitive":false,"after_sensitive":false},"tapash_public_route_table_name":{"actions":["create"],"before":null,"after":"tapash-public-route-table","after_unknown":false,"before_sensitive":false,"after_sensitive":false},"tapash_public_subnet_1_name":{"actions":["create"],"before":null,"after":"tapash-public-subnet-1","after_unknown":false,"before_sensitive":false,"after_sensitive":false},"tapash_public_subnet_2_name":{"actions":["create"],"before":null,"after":"tapash-public-subnet-2","after_unknown":false,"before_sensitive":false,"after_sensitive":false},"tapash_vpc_name":{"actions":["create"],"before":null,"after":"tapash-vpc-1234567890","after_unknown":false,"before_sensitive":false,"after_sensitive":false}},"prior_state":{"format_version":"1.0","terraform_version":"1.14.3","values":{"outputs":{"tapash_igw_name":{"sensitive":false,"value":"tapash-igw","type":"string"},"tapash_private_route_table_1_name":{"sensitive":false,"value":"tapash-private-route-table-1","type":"string"},"tapash_private_subnet_1_name":{"sensitive":false,"value":"tapash-private-subnet-1","type":"string"},"tapash_public_route_table_2_name":{"sensitive":false,"value":"tapash-public-route-table-2","type":"string"},"tapash_public_route_table_name":{"sensitive":false,"value":"tapash-public-route-table","type":"string"},"tapash_public_subnet_1_name":{"sensitive":false,"value":"tapash-public-subnet-1","type":"string"},"tapash_public_subnet_2_name":{"sensitive":false,"value":"tapash-public-subnet-2","type":"string"},"tapash_vpc_name":{"sensitive":false,"value":"tapash-vpc-1234567890","type":"string"}},"root_module":{}}},"configuration":{"provider_config":{"aws":{"name":"aws","full_name":"registry.terraform.io/hashicorp/aws","version_constraint":"6.5.0","expressions":{"region":{"references":["var.tapash_region"]}}}},"root_module":{"outputs":{"tapash_igw_name":{"expression":{"references":["aws_internet_gateway.tapash-igw.tags[\"Name\"]","aws_internet_gateway.tapash-igw.tags","aws_internet_gateway.tapash-igw"]}},"tapash_private_route_table_1_name":{"expression":{"references":["aws_route_table.tapash-private-route-table-1.tags[\"Name\"]","aws_route_table.tapash-private-route-table-1.tags","aws_route_table.tapash-private-route-table-1"]}},"tapash_private_subnet_1_name":{"expression":{"references":["aws_subnet.tapash-private-subnet-1.tags[\"Name\"]","aws_subnet.tapash-private-subnet-1.tags","aws_subnet.tapash-private-subnet-1"]}},"tapash_public_route_table_2_name":{"expression":{"references":["aws_route_table.tapash-public-route-table-2.tags[\"Name\"]","aws_route_table.tapash-public-route-table-2.tags","aws_route_table.tapash-public-route-table-2"]}},"tapash_public_route_table_name":{"expression":{"references":["aws_route_table.tapash-public-route-table.tags[\"Name\"]","aws_route_table.tapash-public-route-table.tags","aws_route_table.tapash-public-route-table"]}},"tapash_public_subnet_1_name":{"expression":{"references":["aws_subnet.tapash-public-subnet-1.tags[\"Name\"]","aws_subnet.tapash-public-subnet-1.tags","aws_subnet.tapash-public-subnet-1"]}},"tapash_public_subnet_2_name":{"expression":{"references":["aws_subnet.tapash-public-subnet-2.tags[\"Name\"]","aws_subnet.tapash-public-subnet-2.tags","aws_subnet.tapash-public-subnet-2"]}},"tapash_vpc_name":{"expression":{"references":["aws_vpc.tapash-vpc.tags[\"Name\"]","aws_vpc.tapash-vpc.tags","aws_vpc.tapash-vpc"]}}},"resources":[{"address":"aws_internet_gateway.tapash-igw","mode":"managed","type":"aws_internet_gateway","name":"tapash-igw","provider_config_key":"aws","expressions":{"tags":{"references":["var.tapash_igw_name"]},"vpc_id":{"references":["aws_vpc.tapash-vpc.id","aws_vpc.tapash-vpc"]}},"schema_version":0},{"address":"aws_route_table.tapash-private-route-table-1","mode":"managed","type":"aws_route_table","name":"tapash-private-route-table-1","provider_config_key":"aws","expressions":{"tags":{"references":["var.tapash_private_route_table_1_name"]},"vpc_id":{"references":["aws_vpc.tapash-vpc.id","aws_vpc.tapash-vpc"]}},"schema_version":0},{"address":"aws_route_table.tapash-public-route-table","mode":"managed","type":"aws_route_table","name":"tapash-public-route-table","provider_config_key":"aws","expressions":{"route":{"references":["var.tapash_public_route_cidr","aws_internet_gateway.tapash-igw.id","aws_internet_gateway.tapash-igw"]},"tags":{"references":["var.tapash_public_route_table_name"]},"vpc_id":{"references":["aws_vpc.tapash-vpc.id","aws_vpc.tapash-vpc"]}},"schema_version":0},{"address":"aws_route_table.tapash-public-route-table-2","mode":"managed","type":"aws_route_table","name":"tapash-public-route-table-2","provider_config_key":"aws","expressions":{"route":{"references":["aws_internet_gateway.tapash-igw.id","aws_internet_gateway.tapash-igw","var.tapash_public_route_cidr"]},"tags":{"references":["var.tapash_public_route_table_2_name"]},"vpc_id":{"references":["aws_vpc.tapash-vpc.id","aws_vpc.tapash-vpc"]}},"schema_version":0},{"address":"aws_route_table_association.tapash-private-subnet-1-association","mode":"managed","type":"aws_route_table_association","name":"tapash-private-subnet-1-association","provider_config_key":"aws","expressions":{"route_table_id":{"references":["aws_route_table.tapash-private-route-table-1.id","aws_route_table.tapash-private-route-table-1"]},"subnet_id":{"references":["aws_subnet.tapash-private-subnet-1.id","aws_subnet.tapash-private-subnet-1"]}},"schema_version":0},{"address":"aws_route_table_association.tapash-public-subnet-2-association","mode":"managed","type":"aws_route_table_association","name":"tapash-public-subnet-2-association","provider_config_key":"aws","expressions":{"route_table_id":{"references":["aws_route_table.tapash-public-route-table-2.id","aws_route_table.tapash-public-route-table-2"]},"subnet_id":{"references":["aws_subnet.tapash-public-subnet-2.id","aws_subnet.tapash-public-subnet-2"]}},"schema_version":0},{"address":"aws_route_table_association.tapash-public-subnet-association","mode":"managed","type":"aws_route_table_association","name":"tapash-public-subnet-association","provider_config_key":"aws","expressions":{"route_table_id":{"references":["aws_route_table.tapash-public-route-table.id","aws_route_table.tapash-public-route-table"]},"subnet_id":{"references":["aws_subnet.tapash-public-subnet-1.id","aws_subnet.tapash-public-subnet-1"]}},"schema_version":0},{"address":"aws_subnet.tapash-private-subnet-1","mode":"managed","type":"aws_subnet","name":"tapash-private-subnet-1","provider_config_key":"aws","expressions":{"availability_zone":{"references":["var.tapash_private_subnet_region_1"]},"cidr_block":{"references":["var.tapash_private_subnet_1_cidr"]},"tags":{"references":["var.tapash_private_subnet_1_name"]},"vpc_id":{"references":["aws_vpc.tapash-vpc.id","aws_vpc.tapash-vpc"]}},"schema_version":1},{"address":"aws_subnet.tapash-public-subnet-1","mode":"managed","type":"aws_subnet","name":"tapash-public-subnet-1","provider_config_key":"aws","expressions":{"availability_zone":{"references":["var.tapash_public_subnet_region_1"]},"cidr_block":{"references":["var.tapash_public_subnet_1_cidr"]},"tags":{"references":["var.tapash_public_subnet_1_name"]},"vpc_id":{"references":["aws_vpc.tapash-vpc.id","aws_vpc.tapash-vpc"]}},"schema_version":1},{"address":"aws_subnet.tapash-public-subnet-2","mode":"managed","type":"aws_subnet","name":"tapash-public-subnet-2","provider_config_key":"aws","expressions":{"availability_zone":{"references":["var.tapash_public_subnet_region_2"]},"cidr_block":{"references":["var.tapash_public_subnet_2_cidr"]},"tags":{"references":["var.tapash_public_subnet_2_name"]},"vpc_id":{"references":["aws_vpc.tapash-vpc.id","aws_vpc.tapash-vpc"]}},"schema_version":1},{"address":"aws_vpc.tapash-vpc","mode":"managed","type":"aws_vpc","name":"tapash-vpc","provider_config_key":"aws","expressions":{"cidr_block":{"references":["var.tapash_vpc_cidr"]},"tags":{"references":["var.tapash_vpc_name"]}},"schema_version":1}],"variables":{"tapash_igw_name":{"default":"tapash-igw"},"tapash_private_route_table_1_name":{"default":"tapash-private-route-table-1"},"tapash_private_subnet_1_cidr":{"default":"10.0.3.0/24"},"tapash_private_subnet_1_name":{"default":"tapash-private-subnet-1"},"tapash_private_subnet_2_cidr":{"default":"10.0.4.0/24"},"tapash_private_subnet_2_name":{"default":"tapash-private-subnet-2"},"tapash_private_subnet_region_1":{"default":"ap-south-1a"},"tapash_private_subnet_region_2":{"default":"ap-south-1b"},"tapash_public_route_cidr":{"default":"10.0.0.0/8"},"tapash_public_route_table_2_name":{"default":"tapash-public-route-table-2"},"tapash_public_route_table_name":{"default":"tapash-public-route-table"},"tapash_public_subnet_1_cidr":{"default":"10.0.1.0/24"},"tapash_public_subnet_1_name":{"default":"tapash-public-subnet-1"},"tapash_public_subnet_2_cidr":{"default":"10.0.2.0/24"},"tapash_public_subnet_2_name":{"default":"tapash-public-subnet-2"},"tapash_public_subnet_region_1":{"default":"ap-south-1a"},"tapash_public_subnet_region_2":{"default":"ap-south-1b"},"tapash_region":{"default":"ap-south-1"},"tapash_vpc_cidr":{"default":"10.0.0.0/16"},"tapash_vpc_name":{"default":"tapash-vpc-1234567890"}}}},"relevant_attributes":[{"resource":"aws_route_table.tapash-public-route-table","attribute":["tags","Name"]},{"resource":"aws_vpc.tapash-vpc","attribute":["id"]},{"resource":"aws_subnet.tapash-private-subnet-1","attribute":["tags","Name"]},{"resource":"aws_vpc.tapash-vpc","attribute":["tags","Name"]},{"resource":"aws_route_table.tapash-private-route-table-1","attribute":["id"]},{"resource":"aws_subnet.tapash-public-subnet-2","attribute":["tags","Name"]},{"resource":"aws_route_table.tapash-public-route-table","attribute":["id"]},{"resource":"aws_subnet.tapash-private-subnet-1","attribute":["id"]},{"resource":"aws_internet_gateway.tapash-igw","attribute":["id"]},{"resource":"aws_internet_gateway.tapash-igw","attribute":["tags","Name"]},{"resource":"aws_subnet.tapash-public-subnet-1","attribute":["tags","Name"]},{"resource":"aws_subnet.tapash-public-subnet-2","attribute":["id"]},{"resource":"aws_route_table.tapash-private-route-table-1","attribute":["tags","Name"]},{"resource":"aws_route_table.tapash-public-route-table-2","attribute":["id"]},{"resource":"aws_subnet.tapash-public-subnet-1","attribute":["id"]},{"resource":"aws_route_table.tapash-public-route-table-2","attribute":["tags","Name"]}],"timestamp":"2026-02-08T04:53:15Z","applyable":true,"complete":true,"errored":false}
