{
  "version": 4,
  "terraform_version": "1.14.3",
  "serial": 17,
  "lineage": "bdc4b030-ced2-b4ba-05f8-1dfed243f2f3",
  "outputs": {
    "tapash_igw_name": {
      "value": "tapash-igw",
      "type": "string"
    },
    "tapash_private_route_table_1_name": {
      "value": "tapash-private-route-table-1",
      "type": "string"
    },
    "tapash_private_route_table_2_name": {
      "value": "tapash-private-route-table-2",
      "type": "string"
    },
    "tapash_private_subnet_1_name": {
      "value": "tapash-private-subnet-1",
      "type": "string"
    },
    "tapash_private_subnet_2_name": {
      "value": "tapash-private-subnet-2",
      "type": "string"
    },
    "tapash_public_route_table_name": {
      "value": "tapash-public-route-table",
      "type": "string"
    },
    "tapash_public_subnet_1_name": {
      "value": "tapash-public-subnet-1",
      "type": "string"
    },
    "tapash_public_subnet_2_name": {
      "value": "tapash-public-subnet-2",
      "type": "string"
    },
    "tapash_vpc_name": {
      "value": "tapash-vpc-1234567890",
      "type": "string"
    }
  },
  "resources": [
    {
      "mode": "managed",
      "type": "aws_internet_gateway",
      "name": "tapash-igw",
      "provider": "provider[\"registry.terraform.io/hashicorp/aws\"]",
      "instances": [
        {
          "schema_version": 0,
          "attributes": {
            "arn": "arn:aws:ec2:ap-south-1:509399262169:internet-gateway/igw-065b87683bc6fb857",
            "id": "igw-065b87683bc6fb857",
            "owner_id": "509399262169",
            "region": "ap-south-1",
            "tags": {
              "Name": "tapash-igw"
            },
            "tags_all": {
              "Name": "tapash-igw"
            },
            "timeouts": null,
            "vpc_id": "vpc-0b902cf38a0b0bbe5"
          },
          "sensitive_attributes": [],
          "identity_schema_version": 0,
          "private": "eyJlMmJmYjczMC1lY2FhLTExZTYtOGY4OC0zNDM2M2JjN2M0YzAiOnsiY3JlYXRlIjoxMjAwMDAwMDAwMDAwLCJkZWxldGUiOjEyMDAwMDAwMDAwMDAsInVwZGF0ZSI6MTIwMDAwMDAwMDAwMH19",
          "dependencies": [
            "aws_vpc.tapash-vpc"
          ]
        }
      ]
    },
    {
      "mode": "managed",
      "type": "aws_route_table",
      "name": "tapash-private-route-table-1",
      "provider": "provider[\"registry.terraform.io/hashicorp/aws\"]",
      "instances": [
        {
          "schema_version": 0,
          "attributes": {
            "arn": "arn:aws:ec2:ap-south-1:509399262169:route-table/rtb-0259cfcaf77991646",
            "id": "rtb-0259cfcaf77991646",
            "owner_id": "509399262169",
            "propagating_vgws": [],
            "region": "ap-south-1",
            "route": [],
            "tags": {
              "Name": "tapash-private-route-table-1"
            },
            "tags_all": {
              "Name": "tapash-private-route-table-1"
            },
            "timeouts": null,
            "vpc_id": "vpc-0b902cf38a0b0bbe5"
          },
          "sensitive_attributes": [],
          "identity_schema_version": 0,
          "identity": {
            "account_id": "509399262169",
            "id": "rtb-0259cfcaf77991646",
            "region": "ap-south-1"
          },
          "private": "eyJlMmJmYjczMC1lY2FhLTExZTYtOGY4OC0zNDM2M2JjN2M0YzAiOnsiY3JlYXRlIjozMDAwMDAwMDAwMDAsImRlbGV0ZSI6MzAwMDAwMDAwMDAwLCJ1cGRhdGUiOjEyMDAwMDAwMDAwMH19",
          "dependencies": [
            "aws_vpc.tapash-vpc"
          ]
        }
      ]
    },
    {
      "mode": "managed",
      "type": "aws_route_table",
      "name": "tapash-private-route-table-2",
      "provider": "provider[\"registry.terraform.io/hashicorp/aws\"]",
      "instances": [
        {
          "schema_version": 0,
          "attributes": {
            "arn": "arn:aws:ec2:ap-south-1:509399262169:route-table/rtb-08849ee2d274755b4",
            "id": "rtb-08849ee2d274755b4",
            "owner_id": "509399262169",
            "propagating_vgws": [],
            "region": "ap-south-1",
            "route": [],
            "tags": {
              "Name": "tapash-private-route-table-2"
            },
            "tags_all": {
              "Name": "tapash-private-route-table-2"
            },
            "timeouts": null,
            "vpc_id": "vpc-0b902cf38a0b0bbe5"
          },
          "sensitive_attributes": [],
          "identity_schema_version": 0,
          "identity": {
            "account_id": "509399262169",
            "id": "rtb-08849ee2d274755b4",
            "region": "ap-south-1"
          },
          "private": "eyJlMmJmYjczMC1lY2FhLTExZTYtOGY4OC0zNDM2M2JjN2M0YzAiOnsiY3JlYXRlIjozMDAwMDAwMDAwMDAsImRlbGV0ZSI6MzAwMDAwMDAwMDAwLCJ1cGRhdGUiOjEyMDAwMDAwMDAwMH19",
          "dependencies": [
            "aws_vpc.tapash-vpc"
          ]
        }
      ]
    },
    {
      "mode": "managed",
      "type": "aws_route_table",
      "name": "tapash-public-route-table",
      "provider": "provider[\"registry.terraform.io/hashicorp/aws\"]",
      "instances": [
        {
          "schema_version": 0,
          "attributes": {
            "arn": "arn:aws:ec2:ap-south-1:509399262169:route-table/rtb-0aed262f8953279da",
            "id": "rtb-0aed262f8953279da",
            "owner_id": "509399262169",
            "propagating_vgws": [],
            "region": "ap-south-1",
            "route": [
              {
                "carrier_gateway_id": "",
                "cidr_block": "10.0.0.0/8",
                "core_network_arn": "",
                "destination_prefix_list_id": "",
                "egress_only_gateway_id": "",
                "gateway_id": "igw-065b87683bc6fb857",
                "ipv6_cidr_block": "",
                "local_gateway_id": "",
                "nat_gateway_id": "",
                "network_interface_id": "",
                "transit_gateway_id": "",
                "vpc_endpoint_id": "",
                "vpc_peering_connection_id": ""
              }
            ],
            "tags": {
              "Name": "tapash-public-route-table"
            },
            "tags_all": {
              "Name": "tapash-public-route-table"
            },
            "timeouts": null,
            "vpc_id": "vpc-0b902cf38a0b0bbe5"
          },
          "sensitive_attributes": [],
          "identity_schema_version": 0,
          "identity": {
            "account_id": "509399262169",
            "id": "rtb-0aed262f8953279da",
            "region": "ap-south-1"
          },
          "private": "eyJlMmJmYjczMC1lY2FhLTExZTYtOGY4OC0zNDM2M2JjN2M0YzAiOnsiY3JlYXRlIjozMDAwMDAwMDAwMDAsImRlbGV0ZSI6MzAwMDAwMDAwMDAwLCJ1cGRhdGUiOjEyMDAwMDAwMDAwMH19",
          "dependencies": [
            "aws_internet_gateway.tapash-igw",
            "aws_vpc.tapash-vpc"
          ]
        }
      ]
    },
    {
      "mode": "managed",
      "type": "aws_vpc",
      "name": "tapash-vpc",
      "provider": "provider[\"registry.terraform.io/hashicorp/aws\"]",
      "instances": [
        {
          "schema_version": 1,
          "attributes": {
            "arn": "arn:aws:ec2:ap-south-1:509399262169:vpc/vpc-0b902cf38a0b0bbe5",
            "assign_generated_ipv6_cidr_block": false,
            "cidr_block": "10.0.0.0/16",
            "default_network_acl_id": "acl-070d9f3ef9bbd5469",
            "default_route_table_id": "rtb-0378dd25b0a511dd3",
            "default_security_group_id": "sg-0ceaf592ad541a060",
            "dhcp_options_id": "dopt-0abd23fa19b158402",
            "enable_dns_hostnames": false,
            "enable_dns_support": true,
            "enable_network_address_usage_metrics": false,
            "id": "vpc-0b902cf38a0b0bbe5",
            "instance_tenancy": "default",
            "ipv4_ipam_pool_id": null,
            "ipv4_netmask_length": null,
            "ipv6_association_id": "",
            "ipv6_cidr_block": "",
            "ipv6_cidr_block_network_border_group": "",
            "ipv6_ipam_pool_id": "",
            "ipv6_netmask_length": 0,
            "main_route_table_id": "rtb-0378dd25b0a511dd3",
            "owner_id": "509399262169",
            "region": "ap-south-1",
            "tags": {
              "Name": "tapash-vpc-1234567890"
            },
            "tags_all": {
              "Name": "tapash-vpc-1234567890"
            }
          },
          "sensitive_attributes": [],
          "identity_schema_version": 0,
          "identity": {
            "account_id": "509399262169",
            "id": "vpc-0b902cf38a0b0bbe5",
            "region": "ap-south-1"
          },
          "private": "eyJzY2hlbWFfdmVyc2lvbiI6IjEifQ=="
        }
      ]
    }
  ],
  "check_results": null
}
