[0m[1mInitializing the backend...[0m
[0m[1mInitializing provider plugins...[0m
- Reusing previous version of hashicorp/aws from the dependency lock file
- Using previously-installed hashicorp/aws v6.30.0

[0m[1m[32mTerraform has been successfully initialized![0m[32m[0m
[0m[32m
You may now begin working with Terraform. Try running "terraform plan" to see
any changes that are required for your infrastructure. All Terraform commands
should now work.

If you ever set or change modules or backend configuration for Terraform,
rerun this command to reinitialize your working directory. If you forget, other
commands will detect it and remind you to do so if necessary.[0m

Terraform used the selected providers to generate the following execution
plan. Resource actions are indicated with the following symbols:
  [32m+[0m create[0m

Terraform will perform the following actions:

[1m  # aws_s3_bucket.my_bucket_1[0m will be created
[0m  [32m+[0m[0m resource "aws_s3_bucket" "my_bucket_1" {
      [32m+[0m[0m acceleration_status         = (known after apply)
      [32m+[0m[0m acl                         = (known after apply)
      [32m+[0m[0m arn                         = (known after apply)
      [32m+[0m[0m bucket                      = "tapash-bucket-1"
      [32m+[0m[0m bucket_domain_name          = (known after apply)
      [32m+[0m[0m bucket_prefix               = (known after apply)
      [32m+[0m[0m bucket_region               = (known after apply)
      [32m+[0m[0m bucket_regional_domain_name = (known after apply)
      [32m+[0m[0m force_destroy               = false
      [32m+[0m[0m hosted_zone_id              = (known after apply)
      [32m+[0m[0m id                          = (known after apply)
      [32m+[0m[0m object_lock_enabled         = (known after apply)
      [32m+[0m[0m policy                      = (known after apply)
      [32m+[0m[0m region                      = "ap-south-1"
      [32m+[0m[0m request_payer               = (known after apply)
      [32m+[0m[0m tags                        = {
          [32m+[0m[0m "Name" = "tapash-bucket-1"
        }
      [32m+[0m[0m tags_all                    = {
          [32m+[0m[0m "Name" = "tapash-bucket-1"
        }
      [32m+[0m[0m website_domain              = (known after apply)
      [32m+[0m[0m website_endpoint            = (known after apply)

      [32m+[0m[0m cors_rule (known after apply)

      [32m+[0m[0m grant (known after apply)

      [32m+[0m[0m lifecycle_rule (known after apply)

      [32m+[0m[0m logging (known after apply)

      [32m+[0m[0m object_lock_configuration (known after apply)

      [32m+[0m[0m replication_configuration (known after apply)

      [32m+[0m[0m server_side_encryption_configuration (known after apply)

      [32m+[0m[0m versioning (known after apply)

      [32m+[0m[0m website (known after apply)
    }

[1m  # aws_s3_bucket.my_bucket_2[0m will be created
[0m  [32m+[0m[0m resource "aws_s3_bucket" "my_bucket_2" {
      [32m+[0m[0m acceleration_status         = (known after apply)
      [32m+[0m[0m acl                         = (known after apply)
      [32m+[0m[0m arn                         = (known after apply)
      [32m+[0m[0m bucket                      = "tapash-bucket-2"
      [32m+[0m[0m bucket_domain_name          = (known after apply)
      [32m+[0m[0m bucket_prefix               = (known after apply)
      [32m+[0m[0m bucket_region               = (known after apply)
      [32m+[0m[0m bucket_regional_domain_name = (known after apply)
      [32m+[0m[0m force_destroy               = false
      [32m+[0m[0m hosted_zone_id              = (known after apply)
      [32m+[0m[0m id                          = (known after apply)
      [32m+[0m[0m object_lock_enabled         = (known after apply)
      [32m+[0m[0m policy                      = (known after apply)
      [32m+[0m[0m region                      = "ap-south-1"
      [32m+[0m[0m request_payer               = (known after apply)
      [32m+[0m[0m tags                        = {
          [32m+[0m[0m "Name" = "tapash-bucket-2"
        }
      [32m+[0m[0m tags_all                    = {
          [32m+[0m[0m "Name" = "tapash-bucket-2"
        }
      [32m+[0m[0m website_domain              = (known after apply)
      [32m+[0m[0m website_endpoint            = (known after apply)

      [32m+[0m[0m cors_rule (known after apply)

      [32m+[0m[0m grant (known after apply)

      [32m+[0m[0m lifecycle_rule (known after apply)

      [32m+[0m[0m logging (known after apply)

      [32m+[0m[0m object_lock_configuration (known after apply)

      [32m+[0m[0m replication_configuration (known after apply)

      [32m+[0m[0m server_side_encryption_configuration (known after apply)

      [32m+[0m[0m versioning (known after apply)

      [32m+[0m[0m website (known after apply)
    }

[1m  # aws_s3_bucket.my_bucket_3[0m will be created
[0m  [32m+[0m[0m resource "aws_s3_bucket" "my_bucket_3" {
      [32m+[0m[0m acceleration_status         = (known after apply)
      [32m+[0m[0m acl                         = (known after apply)
      [32m+[0m[0m arn                         = (known after apply)
      [32m+[0m[0m bucket                      = "tapash-bucket-3"
      [32m+[0m[0m bucket_domain_name          = (known after apply)
      [32m+[0m[0m bucket_prefix               = (known after apply)
      [32m+[0m[0m bucket_region               = (known after apply)
      [32m+[0m[0m bucket_regional_domain_name = (known after apply)
      [32m+[0m[0m force_destroy               = false
      [32m+[0m[0m hosted_zone_id              = (known after apply)
      [32m+[0m[0m id                          = (known after apply)
      [32m+[0m[0m object_lock_enabled         = (known after apply)
      [32m+[0m[0m policy                      = (known after apply)
      [32m+[0m[0m region                      = "ap-south-1"
      [32m+[0m[0m request_payer               = (known after apply)
      [32m+[0m[0m tags                        = {
          [32m+[0m[0m "Name" = "tapash-bucket-3"
        }
      [32m+[0m[0m tags_all                    = {
          [32m+[0m[0m "Name" = "tapash-bucket-3"
        }
      [32m+[0m[0m website_domain              = (known after apply)
      [32m+[0m[0m website_endpoint            = (known after apply)

      [32m+[0m[0m cors_rule (known after apply)

      [32m+[0m[0m grant (known after apply)

      [32m+[0m[0m lifecycle_rule (known after apply)

      [32m+[0m[0m logging (known after apply)

      [32m+[0m[0m object_lock_configuration (known after apply)

      [32m+[0m[0m replication_configuration (known after apply)

      [32m+[0m[0m server_side_encryption_configuration (known after apply)

      [32m+[0m[0m versioning (known after apply)

      [32m+[0m[0m website (known after apply)
    }

[1m  # aws_s3_bucket_public_access_block.bucket_public_access_1[0m will be created
[0m  [32m+[0m[0m resource "aws_s3_bucket_public_access_block" "bucket_public_access_1" {
      [32m+[0m[0m block_public_acls       = false
      [32m+[0m[0m block_public_policy     = false
      [32m+[0m[0m bucket                  = (known after apply)
      [32m+[0m[0m id                      = (known after apply)
      [32m+[0m[0m ignore_public_acls      = false
      [32m+[0m[0m region                  = "ap-south-1"
      [32m+[0m[0m restrict_public_buckets = false
    }

[1m  # aws_s3_bucket_public_access_block.bucket_public_access_2[0m will be created
[0m  [32m+[0m[0m resource "aws_s3_bucket_public_access_block" "bucket_public_access_2" {
      [32m+[0m[0m block_public_acls       = true
      [32m+[0m[0m block_public_policy     = true
      [32m+[0m[0m bucket                  = (known after apply)
      [32m+[0m[0m id                      = (known after apply)
      [32m+[0m[0m ignore_public_acls      = true
      [32m+[0m[0m region                  = "ap-south-1"
      [32m+[0m[0m restrict_public_buckets = true
    }

[1m  # aws_s3_bucket_public_access_block.bucket_public_access_3[0m will be created
[0m  [32m+[0m[0m resource "aws_s3_bucket_public_access_block" "bucket_public_access_3" {
      [32m+[0m[0m block_public_acls       = false
      [32m+[0m[0m block_public_policy     = false
      [32m+[0m[0m bucket                  = (known after apply)
      [32m+[0m[0m id                      = (known after apply)
      [32m+[0m[0m ignore_public_acls      = false
      [32m+[0m[0m region                  = "ap-south-1"
      [32m+[0m[0m restrict_public_buckets = false
    }

[1m  # aws_s3_bucket_versioning.versioning[0m will be created
[0m  [32m+[0m[0m resource "aws_s3_bucket_versioning" "versioning" {
      [32m+[0m[0m bucket = (known after apply)
      [32m+[0m[0m id     = (known after apply)
      [32m+[0m[0m region = "ap-south-1"

      [32m+[0m[0m versioning_configuration {
          [32m+[0m[0m mfa_delete = (known after apply)
          [32m+[0m[0m status     = "Enabled"
        }
    }

[1m  # aws_s3_bucket_versioning.versioning_2[0m will be created
[0m  [32m+[0m[0m resource "aws_s3_bucket_versioning" "versioning_2" {
      [32m+[0m[0m bucket = (known after apply)
      [32m+[0m[0m id     = (known after apply)
      [32m+[0m[0m region = "ap-south-1"

      [32m+[0m[0m versioning_configuration {
          [32m+[0m[0m mfa_delete = (known after apply)
          [32m+[0m[0m status     = "Enabled"
        }
    }

[1m  # aws_s3_object.my_object[0m will be created
[0m  [32m+[0m[0m resource "aws_s3_object" "my_object" {
      [32m+[0m[0m acl                    = (known after apply)
      [32m+[0m[0m arn                    = (known after apply)
      [32m+[0m[0m bucket                 = (known after apply)
      [32m+[0m[0m bucket_key_enabled     = (known after apply)
      [32m+[0m[0m checksum_crc32         = (known after apply)
      [32m+[0m[0m checksum_crc32c        = (known after apply)
      [32m+[0m[0m checksum_crc64nvme     = (known after apply)
      [32m+[0m[0m checksum_sha1          = (known after apply)
      [32m+[0m[0m checksum_sha256        = (known after apply)
      [32m+[0m[0m content                = "This is an example file stored in S3 bucket."
      [32m+[0m[0m content_type           = (known after apply)
      [32m+[0m[0m etag                   = (known after apply)
      [32m+[0m[0m force_destroy          = false
      [32m+[0m[0m id                     = (known after apply)
      [32m+[0m[0m key                    = "example.txt"
      [32m+[0m[0m kms_key_id             = (known after apply)
      [32m+[0m[0m region                 = "ap-south-1"
      [32m+[0m[0m server_side_encryption = (known after apply)
      [32m+[0m[0m storage_class          = (known after apply)
      [32m+[0m[0m tags_all               = (known after apply)
      [32m+[0m[0m version_id             = (known after apply)
    }

[1m  # aws_s3_object.my_object_2[0m will be created
[0m  [32m+[0m[0m resource "aws_s3_object" "my_object_2" {
      [32m+[0m[0m acl                    = (known after apply)
      [32m+[0m[0m arn                    = (known after apply)
      [32m+[0m[0m bucket                 = (known after apply)
      [32m+[0m[0m bucket_key_enabled     = (known after apply)
      [32m+[0m[0m checksum_crc32         = (known after apply)
      [32m+[0m[0m checksum_crc32c        = (known after apply)
      [32m+[0m[0m checksum_crc64nvme     = (known after apply)
      [32m+[0m[0m checksum_sha1          = (known after apply)
      [32m+[0m[0m checksum_sha256        = (known after apply)
      [32m+[0m[0m content                = "This is the second example file stored in S3 bucket."
      [32m+[0m[0m content_type           = (known after apply)
      [32m+[0m[0m etag                   = (known after apply)
      [32m+[0m[0m force_destroy          = false
      [32m+[0m[0m id                     = (known after apply)
      [32m+[0m[0m key                    = "example2.txt"
      [32m+[0m[0m kms_key_id             = (known after apply)
      [32m+[0m[0m region                 = "ap-south-1"
      [32m+[0m[0m server_side_encryption = (known after apply)
      [32m+[0m[0m storage_class          = (known after apply)
      [32m+[0m[0m tags_all               = (known after apply)
      [32m+[0m[0m version_id             = (known after apply)
    }

[1m  # aws_s3_object.my_object_3[0m will be created
[0m  [32m+[0m[0m resource "aws_s3_object" "my_object_3" {
      [32m+[0m[0m acl                    = (known after apply)
      [32m+[0m[0m arn                    = (known after apply)
      [32m+[0m[0m bucket                 = (known after apply)
      [32m+[0m[0m bucket_key_enabled     = (known after apply)
      [32m+[0m[0m checksum_crc32         = (known after apply)
      [32m+[0m[0m checksum_crc32c        = (known after apply)
      [32m+[0m[0m checksum_crc64nvme     = (known after apply)
      [32m+[0m[0m checksum_sha1          = (known after apply)
      [32m+[0m[0m checksum_sha256        = (known after apply)
      [32m+[0m[0m content                = "This is the first example file stored in S3 bucket 3."
      [32m+[0m[0m content_type           = (known after apply)
      [32m+[0m[0m etag                   = (known after apply)
      [32m+[0m[0m force_destroy          = false
      [32m+[0m[0m id                     = (known after apply)
      [32m+[0m[0m key                    = "example3.txt"
      [32m+[0m[0m kms_key_id             = (known after apply)
      [32m+[0m[0m region                 = "ap-south-1"
      [32m+[0m[0m server_side_encryption = (known after apply)
      [32m+[0m[0m storage_class          = (known after apply)
      [32m+[0m[0m tags_all               = (known after apply)
      [32m+[0m[0m version_id             = (known after apply)
    }

[1m  # aws_s3_object.my_object_4[0m will be created
[0m  [32m+[0m[0m resource "aws_s3_object" "my_object_4" {
      [32m+[0m[0m acl                    = (known after apply)
      [32m+[0m[0m arn                    = (known after apply)
      [32m+[0m[0m bucket                 = (known after apply)
      [32m+[0m[0m bucket_key_enabled     = (known after apply)
      [32m+[0m[0m checksum_crc32         = (known after apply)
      [32m+[0m[0m checksum_crc32c        = (known after apply)
      [32m+[0m[0m checksum_crc64nvme     = (known after apply)
      [32m+[0m[0m checksum_sha1          = (known after apply)
      [32m+[0m[0m checksum_sha256        = (known after apply)
      [32m+[0m[0m content                = "This is the second example file stored in S3 bucket 3."
      [32m+[0m[0m content_type           = (known after apply)
      [32m+[0m[0m etag                   = (known after apply)
      [32m+[0m[0m force_destroy          = false
      [32m+[0m[0m id                     = (known after apply)
      [32m+[0m[0m key                    = "example4.txt"
      [32m+[0m[0m kms_key_id             = (known after apply)
      [32m+[0m[0m region                 = "ap-south-1"
      [32m+[0m[0m server_side_encryption = (known after apply)
      [32m+[0m[0m storage_class          = (known after apply)
      [32m+[0m[0m tags_all               = (known after apply)
      [32m+[0m[0m version_id             = (known after apply)
    }

[1m  # aws_s3_object.my_object_5[0m will be created
[0m  [32m+[0m[0m resource "aws_s3_object" "my_object_5" {
      [32m+[0m[0m acl                    = (known after apply)
      [32m+[0m[0m arn                    = (known after apply)
      [32m+[0m[0m bucket                 = (known after apply)
      [32m+[0m[0m bucket_key_enabled     = (known after apply)
      [32m+[0m[0m checksum_crc32         = (known after apply)
      [32m+[0m[0m checksum_crc32c        = (known after apply)
      [32m+[0m[0m checksum_crc64nvme     = (known after apply)
      [32m+[0m[0m checksum_sha1          = (known after apply)
      [32m+[0m[0m checksum_sha256        = (known after apply)
      [32m+[0m[0m content                = "This is the third example file stored in S3 bucket 3."
      [32m+[0m[0m content_type           = (known after apply)
      [32m+[0m[0m etag                   = (known after apply)
      [32m+[0m[0m force_destroy          = false
      [32m+[0m[0m id                     = (known after apply)
      [32m+[0m[0m key                    = "example5.txt"
      [32m+[0m[0m kms_key_id             = (known after apply)
      [32m+[0m[0m region                 = "ap-south-1"
      [32m+[0m[0m server_side_encryption = (known after apply)
      [32m+[0m[0m storage_class          = (known after apply)
      [32m+[0m[0m tags_all               = (known after apply)
      [32m+[0m[0m version_id             = (known after apply)
    }

[1mPlan:[0m [0m13 to add, 0 to change, 0 to destroy.

Changes to Outputs:
  [32m+[0m[0m bucket_name_1 = "tapash-bucket-1"
  [32m+[0m[0m bucket_name_2 = "tapash-bucket-2"
  [32m+[0m[0m bucket_name_3 = "tapash-bucket-3"
  [32m+[0m[0m object_key    = "example.txt"
[90m
─────────────────────────────────────────────────────────────────────────────[0m

Note: You didn't use the -out option to save this plan, so Terraform can't
guarantee to take exactly these actions if you run "terraform apply" now.
